// !$*UTF8*$!
{
	archiveVersion = 1;
	classes = {
	};
	objectVersion = 46;
	objects = {

/* Begin PBXBuildFile section */
		A50461541B3A833500C10EFE /* afc.c in Sources */ = {isa = PBXBuildFile; fileRef = A504614E1B3A833500C10EFE /* afc.c */; };
		A50461551B3A833500C10EFE /* debugserver.c in Sources */ = {isa = PBXBuildFile; fileRef = A504614F1B3A833500C10EFE /* debugserver.c */; };
		A50461561B3A833500C10EFE /* device_link_service.c in Sources */ = {isa = PBXBuildFile; fileRef = A50461501B3A833500C10EFE /* device_link_service.c */; };
		A50461571B3A833500C10EFE /* diagnostics_relay.c in Sources */ = {isa = PBXBuildFile; fileRef = A50461511B3A833500C10EFE /* diagnostics_relay.c */; };
		A50461581B3A833500C10EFE /* file_relay.c in Sources */ = {isa = PBXBuildFile; fileRef = A50461521B3A833500C10EFE /* file_relay.c */; };
		A50461591B3A833500C10EFE /* heartbeat.c in Sources */ = {isa = PBXBuildFile; fileRef = A50461531B3A833500C10EFE /* heartbeat.c */; };
		A504616B1B3A835200C10EFE /* house_arrest.c in Sources */ = {isa = PBXBuildFile; fileRef = A504615A1B3A835200C10EFE /* house_arrest.c */; };
		A504616C1B3A835200C10EFE /* idevice.c in Sources */ = {isa = PBXBuildFile; fileRef = A504615B1B3A835200C10EFE /* idevice.c */; };
		A504616D1B3A835200C10EFE /* installation_proxy.c in Sources */ = {isa = PBXBuildFile; fileRef = A504615C1B3A835200C10EFE /* installation_proxy.c */; };
		A504616E1B3A835200C10EFE /* lockdown.c in Sources */ = {isa = PBXBuildFile; fileRef = A504615D1B3A835200C10EFE /* lockdown.c */; };
		A504616F1B3A835200C10EFE /* misagent.c in Sources */ = {isa = PBXBuildFile; fileRef = A504615E1B3A835200C10EFE /* misagent.c */; };
		A50461701B3A835200C10EFE /* mobile_image_mounter.c in Sources */ = {isa = PBXBuildFile; fileRef = A504615F1B3A835200C10EFE /* mobile_image_mounter.c */; };
		A50461711B3A835200C10EFE /* mobilebackup.c in Sources */ = {isa = PBXBuildFile; fileRef = A50461601B3A835200C10EFE /* mobilebackup.c */; };
		A50461721B3A835200C10EFE /* mobilebackup2.c in Sources */ = {isa = PBXBuildFile; fileRef = A50461611B3A835200C10EFE /* mobilebackup2.c */; };
		A50461731B3A835300C10EFE /* mobilesync.c in Sources */ = {isa = PBXBuildFile; fileRef = A50461621B3A835200C10EFE /* mobilesync.c */; };
		A50461741B3A835300C10EFE /* notification_proxy.c in Sources */ = {isa = PBXBuildFile; fileRef = A50461631B3A835200C10EFE /* notification_proxy.c */; };
		A50461751B3A835300C10EFE /* property_list_service.c in Sources */ = {isa = PBXBuildFile; fileRef = A50461641B3A835200C10EFE /* property_list_service.c */; };
		A50461761B3A835300C10EFE /* restore.c in Sources */ = {isa = PBXBuildFile; fileRef = A50461651B3A835200C10EFE /* restore.c */; };
		A50461771B3A835300C10EFE /* sbservices.c in Sources */ = {isa = PBXBuildFile; fileRef = A50461661B3A835200C10EFE /* sbservices.c */; };
		A50461781B3A835300C10EFE /* screenshotr.c in Sources */ = {isa = PBXBuildFile; fileRef = A50461671B3A835200C10EFE /* screenshotr.c */; };
		A50461791B3A835300C10EFE /* service.c in Sources */ = {isa = PBXBuildFile; fileRef = A50461681B3A835200C10EFE /* service.c */; };
		A504617A1B3A835300C10EFE /* syslog_relay.c in Sources */ = {isa = PBXBuildFile; fileRef = A50461691B3A835200C10EFE /* syslog_relay.c */; };
		A504617B1B3A835300C10EFE /* webinspector.c in Sources */ = {isa = PBXBuildFile; fileRef = A504616A1B3A835200C10EFE /* webinspector.c */; };
		A50461A51B3A874F00C10EFE /* debug.c in Sources */ = {isa = PBXBuildFile; fileRef = A50461A01B3A874F00C10EFE /* debug.c */; };
		A50461A61B3A874F00C10EFE /* socket.c in Sources */ = {isa = PBXBuildFile; fileRef = A50461A11B3A874F00C10EFE /* socket.c */; };
		A50461A71B3A874F00C10EFE /* thread.c in Sources */ = {isa = PBXBuildFile; fileRef = A50461A21B3A874F00C10EFE /* thread.c */; };
		A50461A81B3A874F00C10EFE /* userpref.c in Sources */ = {isa = PBXBuildFile; fileRef = A50461A31B3A874F00C10EFE /* userpref.c */; };
		A50461A91B3A874F00C10EFE /* utils.c in Sources */ = {isa = PBXBuildFile; fileRef = A50461A41B3A874F00C10EFE /* utils.c */; };
/* End PBXBuildFile section */

/* Begin PBXFileReference section */
		A50461151B3A805F00C10EFE /* libimobiledevice.a */ = {isa = PBXFileReference; explicitFileType = archive.ar; includeInIndex = 0; path = libimobiledevice.a; sourceTree = BUILT_PRODUCTS_DIR; };
		A504614E1B3A833500C10EFE /* afc.c */ = {isa = PBXFileReference; fileEncoding = 4; lastKnownFileType = sourcecode.c.c; name = afc.c; path = src/afc.c; sourceTree = "<group>"; };
		A504614F1B3A833500C10EFE /* debugserver.c */ = {isa = PBXFileReference; fileEncoding = 4; lastKnownFileType = sourcecode.c.c; name = debugserver.c; path = src/debugserver.c; sourceTree = "<group>"; };
		A50461501B3A833500C10EFE /* device_link_service.c */ = {isa = PBXFileReference; fileEncoding = 4; lastKnownFileType = sourcecode.c.c; name = device_link_service.c; path = src/device_link_service.c; sourceTree = "<group>"; };
		A50461511B3A833500C10EFE /* diagnostics_relay.c */ = {isa = PBXFileReference; fileEncoding = 4; lastKnownFileType = sourcecode.c.c; name = diagnostics_relay.c; path = src/diagnostics_relay.c; sourceTree = "<group>"; };
		A50461521B3A833500C10EFE /* file_relay.c */ = {isa = PBXFileReference; fileEncoding = 4; lastKnownFileType = sourcecode.c.c; name = file_relay.c; path = src/file_relay.c; sourceTree = "<group>"; };
		A50461531B3A833500C10EFE /* heartbeat.c */ = {isa = PBXFileReference; fileEncoding = 4; lastKnownFileType = sourcecode.c.c; name = heartbeat.c; path = src/heartbeat.c; sourceTree = "<group>"; };
		A504615A1B3A835200C10EFE /* house_arrest.c */ = {isa = PBXFileReference; fileEncoding = 4; lastKnownFileType = sourcecode.c.c; name = house_arrest.c; path = src/house_arrest.c; sourceTree = "<group>"; };
		A504615B1B3A835200C10EFE /* idevice.c */ = {isa = PBXFileReference; fileEncoding = 4; lastKnownFileType = sourcecode.c.c; name = idevice.c; path = src/idevice.c; sourceTree = "<group>"; };
		A504615C1B3A835200C10EFE /* installation_proxy.c */ = {isa = PBXFileReference; fileEncoding = 4; lastKnownFileType = sourcecode.c.c; name = installation_proxy.c; path = src/installation_proxy.c; sourceTree = "<group>"; };
		A504615D1B3A835200C10EFE /* lockdown.c */ = {isa = PBXFileReference; fileEncoding = 4; lastKnownFileType = sourcecode.c.c; name = lockdown.c; path = src/lockdown.c; sourceTree = "<group>"; };
		A504615E1B3A835200C10EFE /* misagent.c */ = {isa = PBXFileReference; fileEncoding = 4; lastKnownFileType = sourcecode.c.c; name = misagent.c; path = src/misagent.c; sourceTree = "<group>"; };
		A504615F1B3A835200C10EFE /* mobile_image_mounter.c */ = {isa = PBXFileReference; fileEncoding = 4; lastKnownFileType = sourcecode.c.c; name = mobile_image_mounter.c; path = src/mobile_image_mounter.c; sourceTree = "<group>"; };
		A50461601B3A835200C10EFE /* mobilebackup.c */ = {isa = PBXFileReference; fileEncoding = 4; lastKnownFileType = sourcecode.c.c; name = mobilebackup.c; path = src/mobilebackup.c; sourceTree = "<group>"; };
		A50461611B3A835200C10EFE /* mobilebackup2.c */ = {isa = PBXFileReference; fileEncoding = 4; lastKnownFileType = sourcecode.c.c; name = mobilebackup2.c; path = src/mobilebackup2.c; sourceTree = "<group>"; };
		A50461621B3A835200C10EFE /* mobilesync.c */ = {isa = PBXFileReference; fileEncoding = 4; lastKnownFileType = sourcecode.c.c; name = mobilesync.c; path = src/mobilesync.c; sourceTree = "<group>"; };
		A50461631B3A835200C10EFE /* notification_proxy.c */ = {isa = PBXFileReference; fileEncoding = 4; lastKnownFileType = sourcecode.c.c; name = notification_proxy.c; path = src/notification_proxy.c; sourceTree = "<group>"; };
		A50461641B3A835200C10EFE /* property_list_service.c */ = {isa = PBXFileReference; fileEncoding = 4; lastKnownFileType = sourcecode.c.c; name = property_list_service.c; path = src/property_list_service.c; sourceTree = "<group>"; };
		A50461651B3A835200C10EFE /* restore.c */ = {isa = PBXFileReference; fileEncoding = 4; lastKnownFileType = sourcecode.c.c; name = restore.c; path = src/restore.c; sourceTree = "<group>"; };
		A50461661B3A835200C10EFE /* sbservices.c */ = {isa = PBXFileReference; fileEncoding = 4; lastKnownFileType = sourcecode.c.c; name = sbservices.c; path = src/sbservices.c; sourceTree = "<group>"; };
		A50461671B3A835200C10EFE /* screenshotr.c */ = {isa = PBXFileReference; fileEncoding = 4; lastKnownFileType = sourcecode.c.c; name = screenshotr.c; path = src/screenshotr.c; sourceTree = "<group>"; };
		A50461681B3A835200C10EFE /* service.c */ = {isa = PBXFileReference; fileEncoding = 4; lastKnownFileType = sourcecode.c.c; name = service.c; path = src/service.c; sourceTree = "<group>"; };
		A50461691B3A835200C10EFE /* syslog_relay.c */ = {isa = PBXFileReference; fileEncoding = 4; lastKnownFileType = sourcecode.c.c; name = syslog_relay.c; path = src/syslog_relay.c; sourceTree = "<group>"; };
		A504616A1B3A835200C10EFE /* webinspector.c */ = {isa = PBXFileReference; fileEncoding = 4; lastKnownFileType = sourcecode.c.c; name = webinspector.c; path = src/webinspector.c; sourceTree = "<group>"; };
		A50461A01B3A874F00C10EFE /* debug.c */ = {isa = PBXFileReference; fileEncoding = 4; lastKnownFileType = sourcecode.c.c; name = debug.c; path = common/debug.c; sourceTree = "<group>"; };
		A50461A11B3A874F00C10EFE /* socket.c */ = {isa = PBXFileReference; fileEncoding = 4; lastKnownFileType = sourcecode.c.c; name = socket.c; path = common/socket.c; sourceTree = "<group>"; };
		A50461A21B3A874F00C10EFE /* thread.c */ = {isa = PBXFileReference; fileEncoding = 4; lastKnownFileType = sourcecode.c.c; name = thread.c; path = common/thread.c; sourceTree = "<group>"; };
		A50461A31B3A874F00C10EFE /* userpref.c */ = {isa = PBXFileReference; fileEncoding = 4; lastKnownFileType = sourcecode.c.c; name = userpref.c; path = common/userpref.c; sourceTree = "<group>"; };
		A50461A41B3A874F00C10EFE /* utils.c */ = {isa = PBXFileReference; fileEncoding = 4; lastKnownFileType = sourcecode.c.c; name = utils.c; path = common/utils.c; sourceTree = "<group>"; };
/* End PBXFileReference section */

/* Begin PBXFrameworksBuildPhase section */
		A50461121B3A805F00C10EFE /* Frameworks */ = {
			isa = PBXFrameworksBuildPhase;
			buildActionMask = 2147483647;
			files = (
			);
			runOnlyForDeploymentPostprocessing = 0;
		};
/* End PBXFrameworksBuildPhase section */

/* Begin PBXGroup section */
		A504610C1B3A805F00C10EFE = {
			isa = PBXGroup;
			children = (
				A504619F1B3A873C00C10EFE /* common */,
				A504614D1B3A831A00C10EFE /* src */,
				A50461161B3A805F00C10EFE /* Products */,
			);
			sourceTree = "<group>";
		};
		A50461161B3A805F00C10EFE /* Products */ = {
			isa = PBXGroup;
			children = (
				A50461151B3A805F00C10EFE /* libimobiledevice.a */,
			);
			name = Products;
			sourceTree = "<group>";
		};
		A504614D1B3A831A00C10EFE /* src */ = {
			isa = PBXGroup;
			children = (
				A504615A1B3A835200C10EFE /* house_arrest.c */,
				A504615B1B3A835200C10EFE /* idevice.c */,
				A504615C1B3A835200C10EFE /* installation_proxy.c */,
				A504615D1B3A835200C10EFE /* lockdown.c */,
				A504615E1B3A835200C10EFE /* misagent.c */,
				A504615F1B3A835200C10EFE /* mobile_image_mounter.c */,
				A50461601B3A835200C10EFE /* mobilebackup.c */,
				A50461611B3A835200C10EFE /* mobilebackup2.c */,
				A50461621B3A835200C10EFE /* mobilesync.c */,
				A50461631B3A835200C10EFE /* notification_proxy.c */,
				A50461641B3A835200C10EFE /* property_list_service.c */,
				A50461651B3A835200C10EFE /* restore.c */,
				A50461661B3A835200C10EFE /* sbservices.c */,
				A50461671B3A835200C10EFE /* screenshotr.c */,
				A50461681B3A835200C10EFE /* service.c */,
				A50461691B3A835200C10EFE /* syslog_relay.c */,
				A504616A1B3A835200C10EFE /* webinspector.c */,
				A504614E1B3A833500C10EFE /* afc.c */,
				A504614F1B3A833500C10EFE /* debugserver.c */,
				A50461501B3A833500C10EFE /* device_link_service.c */,
				A50461511B3A833500C10EFE /* diagnostics_relay.c */,
				A50461521B3A833500C10EFE /* file_relay.c */,
				A50461531B3A833500C10EFE /* heartbeat.c */,
			);
			name = src;
			sourceTree = "<group>";
		};
		A504619F1B3A873C00C10EFE /* common */ = {
			isa = PBXGroup;
			children = (
				A50461A01B3A874F00C10EFE /* debug.c */,
				A50461A11B3A874F00C10EFE /* socket.c */,
				A50461A21B3A874F00C10EFE /* thread.c */,
				A50461A31B3A874F00C10EFE /* userpref.c */,
				A50461A41B3A874F00C10EFE /* utils.c */,
			);
			name = common;
			sourceTree = "<group>";
		};
/* End PBXGroup section */

/* Begin PBXHeadersBuildPhase section */
		A50461131B3A805F00C10EFE /* Headers */ = {
			isa = PBXHeadersBuildPhase;
			buildActionMask = 2147483647;
			files = (
			);
			runOnlyForDeploymentPostprocessing = 0;
		};
/* End PBXHeadersBuildPhase section */

/* Begin PBXNativeTarget section */
		A50461141B3A805F00C10EFE /* libimobiledevice */ = {
			isa = PBXNativeTarget;
			buildConfigurationList = A50461191B3A805F00C10EFE /* Build configuration list for PBXNativeTarget "libimobiledevice" */;
			buildPhases = (
				A50461111B3A805F00C10EFE /* Sources */,
				A50461121B3A805F00C10EFE /* Frameworks */,
				A50461131B3A805F00C10EFE /* Headers */,
			);
			buildRules = (
			);
			dependencies = (
			);
			name = libimobiledevice;
			productName = libimobiledevice;
			productReference = A50461151B3A805F00C10EFE /* libimobiledevice.a */;
			productType = "com.apple.product-type.library.static";
		};
/* End PBXNativeTarget section */

/* Begin PBXProject section */
		A504610D1B3A805F00C10EFE /* Project object */ = {
			isa = PBXProject;
			attributes = {
				LastUpgradeCheck = 0630;
				ORGANIZATIONNAME = Logigear;
				TargetAttributes = {
					A50461141B3A805F00C10EFE = {
						CreatedOnToolsVersion = 6.3.1;
					};
				};
			};
			buildConfigurationList = A50461101B3A805F00C10EFE /* Build configuration list for PBXProject "libimobiledevice" */;
			compatibilityVersion = "Xcode 3.2";
			developmentRegion = English;
			hasScannedForEncodings = 0;
			knownRegions = (
				en,
			);
			mainGroup = A504610C1B3A805F00C10EFE;
			productRefGroup = A50461161B3A805F00C10EFE /* Products */;
			projectDirPath = "";
			projectRoot = "";
			targets = (
				A50461141B3A805F00C10EFE /* libimobiledevice */,
			);
		};
/* End PBXProject section */

/* Begin PBXSourcesBuildPhase section */
		A50461111B3A805F00C10EFE /* Sources */ = {
			isa = PBXSourcesBuildPhase;
			buildActionMask = 2147483647;
			files = (
				A504616B1B3A835200C10EFE /* house_arrest.c in Sources */,
				A50461A91B3A874F00C10EFE /* utils.c in Sources */,
				A50461731B3A835300C10EFE /* mobilesync.c in Sources */,
				A50461591B3A833500C10EFE /* heartbeat.c in Sources */,
				A50461701B3A835200C10EFE /* mobile_image_mounter.c in Sources */,
				A50461571B3A833500C10EFE /* diagnostics_relay.c in Sources */,
				A50461721B3A835200C10EFE /* mobilebackup2.c in Sources */,
				A504617A1B3A835300C10EFE /* syslog_relay.c in Sources */,
				A50461751B3A835300C10EFE /* property_list_service.c in Sources */,
				A504616C1B3A835200C10EFE /* idevice.c in Sources */,
				A504616F1B3A835200C10EFE /* misagent.c in Sources */,
				A504617B1B3A835300C10EFE /* webinspector.c in Sources */,
				A50461561B3A833500C10EFE /* device_link_service.c in Sources */,
				A50461791B3A835300C10EFE /* service.c in Sources */,
				A50461781B3A835300C10EFE /* screenshotr.c in Sources */,
				A50461761B3A835300C10EFE /* restore.c in Sources */,
				A50461A51B3A874F00C10EFE /* debug.c in Sources */,
				A50461581B3A833500C10EFE /* file_relay.c in Sources */,
				A50461771B3A835300C10EFE /* sbservices.c in Sources */,
				A50461551B3A833500C10EFE /* debugserver.c in Sources */,
				A50461A71B3A874F00C10EFE /* thread.c in Sources */,
				A50461A61B3A874F00C10EFE /* socket.c in Sources */,
				A50461541B3A833500C10EFE /* afc.c in Sources */,
				A50461711B3A835200C10EFE /* mobilebackup.c in Sources */,
				A50461741B3A835300C10EFE /* notification_proxy.c in Sources */,
				A50461A81B3A874F00C10EFE /* userpref.c in Sources */,
				A504616E1B3A835200C10EFE /* lockdown.c in Sources */,
				A504616D1B3A835200C10EFE /* installation_proxy.c in Sources */,
			);
			runOnlyForDeploymentPostprocessing = 0;
		};
/* End PBXSourcesBuildPhase section */

/* Begin XCBuildConfiguration section */
		A50461171B3A805F00C10EFE /* Debug */ = {
			isa = XCBuildConfiguration;
			buildSettings = {
				ALWAYS_SEARCH_USER_PATHS = NO;
				CLANG_CXX_LANGUAGE_STANDARD = "gnu++0x";
				CLANG_CXX_LIBRARY = "libc++";
				CLANG_ENABLE_MODULES = YES;
				CLANG_ENABLE_OBJC_ARC = YES;
				CLANG_WARN_BOOL_CONVERSION = YES;
				CLANG_WARN_CONSTANT_CONVERSION = YES;
				CLANG_WARN_DIRECT_OBJC_ISA_USAGE = YES_ERROR;
				CLANG_WARN_EMPTY_BODY = YES;
				CLANG_WARN_ENUM_CONVERSION = YES;
				CLANG_WARN_INT_CONVERSION = YES;
				CLANG_WARN_OBJC_ROOT_CLASS = YES_ERROR;
				CLANG_WARN_UNREACHABLE_CODE = YES;
				CLANG_WARN__DUPLICATE_METHOD_MATCH = YES;
				COPY_PHASE_STRIP = NO;
				DEBUG_INFORMATION_FORMAT = dwarf;
				ENABLE_STRICT_OBJC_MSGSEND = YES;
				GCC_C_LANGUAGE_STANDARD = gnu99;
				GCC_DYNAMIC_NO_PIC = NO;
				GCC_NO_COMMON_BLOCKS = YES;
				GCC_OPTIMIZATION_LEVEL = 0;
				GCC_PREPROCESSOR_DEFINITIONS = (
					"DEBUG=1",
					"$(inherited)",
				);
				GCC_SYMBOLS_PRIVATE_EXTERN = NO;
				GCC_WARN_64_TO_32_BIT_CONVERSION = YES;
				GCC_WARN_ABOUT_RETURN_TYPE = YES_ERROR;
				GCC_WARN_UNDECLARED_SELECTOR = YES;
				GCC_WARN_UNINITIALIZED_AUTOS = YES_AGGRESSIVE;
				GCC_WARN_UNUSED_FUNCTION = YES;
				GCC_WARN_UNUSED_VARIABLE = YES;
				MACOSX_DEPLOYMENT_TARGET = 10.10;
				MTL_ENABLE_DEBUG_INFO = YES;
				ONLY_ACTIVE_ARCH = YES;
				SDKROOT = macosx;
			};
			name = Debug;
		};
		A50461181B3A805F00C10EFE /* Release */ = {
			isa = XCBuildConfiguration;
			buildSettings = {
				ALWAYS_SEARCH_USER_PATHS = NO;
				CLANG_CXX_LANGUAGE_STANDARD = "gnu++0x";
				CLANG_CXX_LIBRARY = "libc++";
				CLANG_ENABLE_MODULES = YES;
				CLANG_ENABLE_OBJC_ARC = YES;
				CLANG_WARN_BOOL_CONVERSION = YES;
				CLANG_WARN_CONSTANT_CONVERSION = YES;
				CLANG_WARN_DIRECT_OBJC_ISA_USAGE = YES_ERROR;
				CLANG_WARN_EMPTY_BODY = YES;
				CLANG_WARN_ENUM_CONVERSION = YES;
				CLANG_WARN_INT_CONVERSION = YES;
				CLANG_WARN_OBJC_ROOT_CLASS = YES_ERROR;
				CLANG_WARN_UNREACHABLE_CODE = YES;
				CLANG_WARN__DUPLICATE_METHOD_MATCH = YES;
				COPY_PHASE_STRIP = NO;
				DEBUG_INFORMATION_FORMAT = "dwarf-with-dsym";
				ENABLE_NS_ASSERTIONS = NO;
				ENABLE_STRICT_OBJC_MSGSEND = YES;
				GCC_C_LANGUAGE_STANDARD = gnu99;
				GCC_NO_COMMON_BLOCKS = YES;
				GCC_WARN_64_TO_32_BIT_CONVERSION = YES;
				GCC_WARN_ABOUT_RETURN_TYPE = YES_ERROR;
				GCC_WARN_UNDECLARED_SELECTOR = YES;
				GCC_WARN_UNINITIALIZED_AUTOS = YES_AGGRESSIVE;
				GCC_WARN_UNUSED_FUNCTION = YES;
				GCC_WARN_UNUSED_VARIABLE = YES;
				MACOSX_DEPLOYMENT_TARGET = 10.10;
				MTL_ENABLE_DEBUG_INFO = NO;
				SDKROOT = macosx;
			};
			name = Release;
		};
		A504611A1B3A805F00C10EFE /* Debug */ = {
			isa = XCBuildConfiguration;
			buildSettings = {
				CONFIGURATION_BUILD_DIR = "$(BUILD_DIR)/$(CONFIGURATION)$(EFFECTIVE_PLATFORM_NAME)/IOS";
				EXECUTABLE_PREFIX = "";
				GCC_PREPROCESSOR_DEFINITIONS = (
					"$(inherited)",
					HAVE_OPENSSL,
					HAVE_VASPRINTF,
					HAVE_ASPRINTF,
					HAVE_LANGINFO_CODESET,
					HAVE_STPCPY,
				);
				HEADER_SEARCH_PATHS = (
					"$(inherited)",
					"\"$(SRCROOT)/include\"",
					"\"$(SRCROOT)/../libplist/include\"",
					"\"$(SRCROOT)/../libusbmuxd/include\"",
					"\"$(SRCROOT)/\"",
				);
				PRODUCT_NAME = "$(TARGET_NAME)";
			};
			name = Debug;
		};
		A504611B1B3A805F00C10EFE /* Release */ = {
			isa = XCBuildConfiguration;
			buildSettings = {
				CONFIGURATION_BUILD_DIR = "$(BUILD_DIR)/$(CONFIGURATION)$(EFFECTIVE_PLATFORM_NAME)/IOS";
				EXECUTABLE_PREFIX = "";
				GCC_PREPROCESSOR_DEFINITIONS = (
					HAVE_OPENSSL,
					HAVE_VASPRINTF,
					HAVE_ASPRINTF,
					HAVE_LANGINFO_CODESET,
					HAVE_STPCPY,
				);
				HEADER_SEARCH_PATHS = (
					"$(inherited)",
					"\"$(SRCROOT)/include\"",
					"\"$(SRCROOT)/../libplist/include\"",
					"\"$(SRCROOT)/../libusbmuxd/include\"",
					"\"$(SRCROOT)/\"",
				);
				PRODUCT_NAME = "$(TARGET_NAME)";
			};
			name = Release;
		};
/* End XCBuildConfiguration section */

/* Begin XCConfigurationList section */
		A50461101B3A805F00C10EFE /* Build configuration list for PBXProject "libimobiledevice" */ = {
			isa = XCConfigurationList;
			buildConfigurations = (
				A50461171B3A805F00C10EFE /* Debug */,
				A50461181B3A805F00C10EFE /* Release */,
			);
			defaultConfigurationIsVisible = 0;
			defaultConfigurationName = Release;
		};
		A50461191B3A805F00C10EFE /* Build configuration list for PBXNativeTarget "libimobiledevice" */ = {
			isa = XCConfigurationList;
			buildConfigurations = (
				A504611A1B3A805F00C10EFE /* Debug */,
				A504611B1B3A805F00C10EFE /* Release */,
			);
			defaultConfigurationIsVisible = 0;
			defaultConfigurationName = Release;
		};
/* End XCConfigurationList section */
	};
	rootObject = A504610D1B3A805F00C10EFE /* Project object */;
}
